PODS:
  - Flutter (1.0.0)
  - lib_vtop (0.0.1):
    - Flutter
  - ObjectBox (5.3.0)
  - objectbox_flutter_libs (0.0.1):
    - Flutter
    - ObjectBox (= 5.3.0)

DEPENDENCIES:
  - Flutter (from `Flutter`)
  - lib_vtop (from `.symlinks/plugins/lib_vtop/ios`)
  - objectbox_flutter_libs (from `.symlinks/plugins/objectbox_flutter_libs/ios`)

SPEC REPOS:
  trunk:
    - ObjectBox

EXTERNAL SOURCES:
  Flutter:
    :path: Flutter
  lib_vtop:
    :path: ".symlinks/plugins/lib_vtop/ios"
  objectbox_flutter_libs:
    :path: ".symlinks/plugins/objectbox_flutter_libs/ios"

SPEC CHECKSUMS:
  Flutter: cabc95a1d2626b1b06e7179b784ebcf0c0cde467
  lib_vtop: 11ee5ed475acdda4b10545922a09586da1c4e80e
  ObjectBox: 2aae8ad350012cb53c6e7848064307cf68617f73
  objectbox_flutter_libs: 42b57158b8c4869b731487f220e07d6edc6616e0

PODFILE CHECKSUM: 3dfad2187ccf07125cf93800869c76676ead4e73

COCOAPODS: 1.16.2
